
Microsoft Visual Studio Solution File, Format Version 12.00
# Visual Studio Version 17
VisualStudioVersion = 17.4.33205.214
MinimumVisualStudioVersion = 10.0.40219.1
Project("{9A19103F-16F7-4668-BE54-9A1E7A4F7556}") = "ip-lookup-app", "ip-lookup-app.csproj", "{C8477B80-3326-4D1E-9019-8DA3B5858CBF}"
EndProject
Project("{9A19103F-16F7-4668-BE54-9A1E7A4F7556}") = "ip-lookup-app.tests", "Tests\ip-lookup-app.tests.csproj", "{8D11C5DD-757B-4DFC-9DAA-DAB10BB7DECB}"
EndProject
Global
	GlobalSection(SolutionConfigurationPlatforms) = preSolution
		Debug|Any CPU = Debug|Any CPU
		Release|Any CPU = Release|Any CPU
	EndGlobalSection
	GlobalSection(ProjectConfigurationPlatforms) = postSolution
		{C8477B80-3326-4D1E-9019-8DA3B5858CBF}.Debug|Any CPU.ActiveCfg = Debug|Any CPU
		{C8477B80-3326-4D1E-9019-8DA3B5858CBF}.Debug|Any CPU.Build.0 = Debug|Any CPU
		{C8477B80-3326-4D1E-9019-8DA3B5858CBF}.Release|Any CPU.ActiveCfg = Release|Any CPU
		{C8477B80-3326-4D1E-9019-8DA3B5858CBF}.Release|Any CPU.Build.0 = Release|Any CPU
		{8D11C5DD-757B-4DFC-9DAA-DAB10BB7DECB}.Debug|Any CPU.ActiveCfg = Debug|Any CPU
		{8D11C5DD-757B-4DFC-9DAA-DAB10BB7DECB}.Debug|Any CPU.Build.0 = Debug|Any CPU
		{8D11C5DD-757B-4DFC-9DAA-DAB10BB7DECB}.Release|Any CPU.ActiveCfg = Release|Any CPU
		{8D11C5DD-757B-4DFC-9DAA-DAB10BB7DECB}.Release|Any CPU.Build.0 = Release|Any CPU
	EndGlobalSection
	GlobalSection(SolutionProperties) = preSolution
		HideSolutionNode = FALSE
	EndGlobalSection
	GlobalSection(ExtensibilityGlobals) = postSolution
		SolutionGuid = {23A64111-FC2D-480C-9DE5-A658F54127B8}
	EndGlobalSection
EndGlobal
